
Microsoft Visual Studio Solution File, Format Version 12.00
# Visual Studio Version 17
VisualStudioVersion = 17.4.33205.214
MinimumVisualStudioVersion = 10.0.40219.1
Project("{9A19103F-16F7-4668-BE54-9A1E7A4F7556}") = "SimpleChat", "SimpleChat\SimpleChat.csproj", "{07BE9D3E-E504-4C0F-B804-560171E0BD6B}"
EndProject
Project("{2150E333-8FDC-42A3-9474-1A3956D46DE8}") = "Solution Items", "Solution Items", "{4C9AFF91-5A28-4F0F-BF51-B26504ADE131}"
	ProjectSection(SolutionItems) = preProject
		.editorconfig = .editorconfig
	EndProjectSection
EndProject
Project("{9A19103F-16F7-4668-BE54-9A1E7A4F7556}") = "ConsoleServer", "ConsoleServer\ConsoleServer.csproj", "{92F9844E-C6D3-4DC8-8FBA-C7754A8B9B15}"
EndProject
Project("{9A19103F-16F7-4668-BE54-9A1E7A4F7556}") = "chatlibzt", "chatlibzt\chatlibzt.csproj", "{763DCFBF-A7D3-40BB-85F9-938E68622C02}"
EndProject
Project("{9A19103F-16F7-4668-BE54-9A1E7A4F7556}") = "ConsoleClient", "ConsoleClient\ConsoleClient.csproj", "{B70EF171-EB50-45A0-8BF1-089A3AD29C75}"
EndProject
Project("{FAE04EC0-301F-11D3-BF4B-00C04F79EFBC}") = "ConsoleChat", "ConsoleChat\ConsoleChat.csproj", "{C63F1F22-6B3D-42D4-8819-5D98ABF00E4B}"
EndProject
Global
	GlobalSection(SolutionConfigurationPlatforms) = preSolution
		Debug|Any CPU = Debug|Any CPU
		Release|Any CPU = Release|Any CPU
	EndGlobalSection
	GlobalSection(ProjectConfigurationPlatforms) = postSolution
		{07BE9D3E-E504-4C0F-B804-560171E0BD6B}.Debug|Any CPU.ActiveCfg = Debug|Any CPU
		{07BE9D3E-E504-4C0F-B804-560171E0BD6B}.Debug|Any CPU.Build.0 = Debug|Any CPU
		{07BE9D3E-E504-4C0F-B804-560171E0BD6B}.Release|Any CPU.ActiveCfg = Release|Any CPU
		{07BE9D3E-E504-4C0F-B804-560171E0BD6B}.Release|Any CPU.Build.0 = Release|Any CPU
		{92F9844E-C6D3-4DC8-8FBA-C7754A8B9B15}.Debug|Any CPU.ActiveCfg = Debug|Any CPU
		{92F9844E-C6D3-4DC8-8FBA-C7754A8B9B15}.Debug|Any CPU.Build.0 = Debug|Any CPU
		{92F9844E-C6D3-4DC8-8FBA-C7754A8B9B15}.Release|Any CPU.ActiveCfg = Release|Any CPU
		{92F9844E-C6D3-4DC8-8FBA-C7754A8B9B15}.Release|Any CPU.Build.0 = Release|Any CPU
		{763DCFBF-A7D3-40BB-85F9-938E68622C02}.Debug|Any CPU.ActiveCfg = Debug|Any CPU
		{763DCFBF-A7D3-40BB-85F9-938E68622C02}.Debug|Any CPU.Build.0 = Debug|Any CPU
		{763DCFBF-A7D3-40BB-85F9-938E68622C02}.Release|Any CPU.ActiveCfg = Release|Any CPU
		{763DCFBF-A7D3-40BB-85F9-938E68622C02}.Release|Any CPU.Build.0 = Release|Any CPU
		{B70EF171-EB50-45A0-8BF1-089A3AD29C75}.Debug|Any CPU.ActiveCfg = Debug|Any CPU
		{B70EF171-EB50-45A0-8BF1-089A3AD29C75}.Debug|Any CPU.Build.0 = Debug|Any CPU
		{B70EF171-EB50-45A0-8BF1-089A3AD29C75}.Release|Any CPU.ActiveCfg = Release|Any CPU
		{B70EF171-EB50-45A0-8BF1-089A3AD29C75}.Release|Any CPU.Build.0 = Release|Any CPU
		{C63F1F22-6B3D-42D4-8819-5D98ABF00E4B}.Debug|Any CPU.ActiveCfg = Debug|Any CPU
		{C63F1F22-6B3D-42D4-8819-5D98ABF00E4B}.Debug|Any CPU.Build.0 = Debug|Any CPU
		{C63F1F22-6B3D-42D4-8819-5D98ABF00E4B}.Release|Any CPU.ActiveCfg = Release|Any CPU
		{C63F1F22-6B3D-42D4-8819-5D98ABF00E4B}.Release|Any CPU.Build.0 = Release|Any CPU
	EndGlobalSection
	GlobalSection(SolutionProperties) = preSolution
		HideSolutionNode = FALSE
	EndGlobalSection
	GlobalSection(ExtensibilityGlobals) = postSolution
		SolutionGuid = {B1D2BDE9-2CC9-42C1-AB41-9EEA1C46C5A0}
	EndGlobalSection
EndGlobal
